
Microsoft Visual Studio Solution File, Format Version 12.00
# Visual Studio Version 17
VisualStudioVersion = 17.4.33205.214
MinimumVisualStudioVersion = 10.0.40219.1
Project("{2150E333-8FDC-42A3-9474-1A3956D46DE8}") = "src", "src", "{4425EBC1-A4F4-4500-B141-2E114D9D6B8C}"
EndProject
Project("{9A19103F-16F7-4668-BE54-9A1E7A4F7556}") = "MediatorWebApp", "src\MediatorWebApp.Api\MediatorWebApp.csproj", "{FD638348-F912-4958-9274-47D8340F6CDD}"
EndProject
Project("{FAE04EC0-301F-11D3-BF4B-00C04F79EFBC}") = "MediatorWebApp.Core", "src\MediatorWebApp.Core\MediatorWebApp.Core.csproj", "{3066BB14-B88F-4204-8AEE-1E668F91DBA2}"
EndProject
Global
	GlobalSection(SolutionConfigurationPlatforms) = preSolution
		Debug|Any CPU = Debug|Any CPU
		Release|Any CPU = Release|Any CPU
	EndGlobalSection
	GlobalSection(ProjectConfigurationPlatforms) = postSolution
		{FD638348-F912-4958-9274-47D8340F6CDD}.Debug|Any CPU.ActiveCfg = Debug|Any CPU
		{FD638348-F912-4958-9274-47D8340F6CDD}.Debug|Any CPU.Build.0 = Debug|Any CPU
		{FD638348-F912-4958-9274-47D8340F6CDD}.Release|Any CPU.ActiveCfg = Release|Any CPU
		{FD638348-F912-4958-9274-47D8340F6CDD}.Release|Any CPU.Build.0 = Release|Any CPU
		{3066BB14-B88F-4204-8AEE-1E668F91DBA2}.Debug|Any CPU.ActiveCfg = Debug|Any CPU
		{3066BB14-B88F-4204-8AEE-1E668F91DBA2}.Debug|Any CPU.Build.0 = Debug|Any CPU
		{3066BB14-B88F-4204-8AEE-1E668F91DBA2}.Release|Any CPU.ActiveCfg = Release|Any CPU
		{3066BB14-B88F-4204-8AEE-1E668F91DBA2}.Release|Any CPU.Build.0 = Release|Any CPU
	EndGlobalSection
	GlobalSection(SolutionProperties) = preSolution
		HideSolutionNode = FALSE
	EndGlobalSection
	GlobalSection(NestedProjects) = preSolution
		{FD638348-F912-4958-9274-47D8340F6CDD} = {4425EBC1-A4F4-4500-B141-2E114D9D6B8C}
		{3066BB14-B88F-4204-8AEE-1E668F91DBA2} = {4425EBC1-A4F4-4500-B141-2E114D9D6B8C}
	EndGlobalSection
	GlobalSection(ExtensibilityGlobals) = postSolution
		SolutionGuid = {1EC7090B-05D3-4314-89E0-E21851CBCADC}
	EndGlobalSection
EndGlobal
